[[package]]
category = "dev"
description = "Atomic file writes."
name = "atomicwrites"
optional = false
python-versions = ">=2.7, !=3.0.*, !=3.1.*, !=3.2.*, !=3.3.*"
version = "1.3.0"

[[package]]
category = "dev"
description = "Classes Without Boilerplate"
name = "attrs"
optional = false
python-versions = ">=2.7, !=3.0.*, !=3.1.*, !=3.2.*, !=3.3.*"
version = "19.1.0"

[package.extras]
dev = ["coverage", "hypothesis", "pympler", "pytest", "six", "zope.interface", "sphinx", "pre-commit"]
docs = ["sphinx", "zope.interface"]
tests = ["coverage", "hypothesis", "pympler", "pytest", "six", "zope.interface"]

[[package]]
category = "dev"
description = "A tool that automatically formats Python code to conform to the PEP 8 style guide"
name = "autopep8"
optional = false
python-versions = "*"
version = "1.4.4"

[package.dependencies]
pycodestyle = ">=2.4.0"

[[package]]
category = "main"
description = "Fast NumPy array functions written in C"
name = "bottleneck"
optional = false
python-versions = "*"
version = "1.2.1"

[package.dependencies]
numpy = "*"

[[package]]
category = "main"
description = "Composable command line interface toolkit"
name = "click"
optional = false
python-versions = ">=2.7, !=3.0.*, !=3.1.*, !=3.2.*, !=3.3.*"
version = "7.0"

[[package]]
category = "dev"
description = "Extended pickling support for Python objects"
name = "cloudpickle"
optional = false
python-versions = "*"
version = "1.2.1"

[[package]]
category = "main"
description = "Cross-platform colored terminal text."
name = "colorama"
optional = false
python-versions = ">=2.7, !=3.0.*, !=3.1.*, !=3.2.*, !=3.3.*"
version = "0.4.1"

[[package]]
category = "dev"
description = "Code coverage measurement for Python"
name = "coverage"
optional = false
python-versions = ">=2.6, !=3.0.*, !=3.1.*, !=3.2.*, <4"
version = "4.5.4"

[[package]]
category = "main"
description = "A Python framework for building reactive web-apps. Developed by Plotly."
name = "dash"
optional = false
python-versions = "*"
version = "1.2.0"

[package.dependencies]
Flask = ">=1.0.2"
dash-core-components = "1.1.2"
dash-html-components = "1.0.1"
dash-table = "4.2.0"
dash_renderer = "1.0.1"
flask-compress = "*"
future = "*"
plotly = "*"

[package.extras]
dev = ["dash_flow_example (0.0.5)", "dash-dangerously-set-inner-html", "six", "mock", "flake8", "PyYAML (>=5.1.1)", "fire", "coloredlogs", "pylint (1.9.4)", "virtualenv", "pylint (2.3.1)", "astroid (2.2.5)"]
testing = ["pytest", "pytest-sugar", "pytest-mock", "lxml", "selenium", "percy", "requests", "beautifulsoup4", "waitress"]

[[package]]
category = "main"
description = "Core component suite for Dash"
name = "dash-core-components"
optional = false
python-versions = "*"
version = "1.1.2"

[[package]]
category = "dev"
description = "DAQ components for Dash"
name = "dash-daq"
optional = false
python-versions = "*"
version = "0.1.7"

[[package]]
category = "main"
description = "Vanilla HTML components for Dash"
name = "dash-html-components"
optional = false
python-versions = "*"
version = "1.0.1"

[[package]]
category = "main"
description = "Front-end component renderer for dash"
name = "dash-renderer"
optional = false
python-versions = "*"
version = "1.0.1"

[[package]]
category = "main"
description = "Dash table"
name = "dash-table"
optional = false
python-versions = "*"
version = "4.2.0"

[[package]]
category = "dev"
description = "doit - Automation Tool"
name = "doit"
optional = false
python-versions = ">=3.4"
version = "0.31.1"

[package.dependencies]
cloudpickle = "*"
macfsevents = "*"
pyinotify = "*"

[[package]]
category = "dev"
description = "Discover and load entry points from installed packages."
name = "entrypoints"
optional = false
python-versions = ">=2.7"
version = "0.3"

[[package]]
category = "dev"
description = "the modular source code checker: pep8, pyflakes and co"
name = "flake8"
optional = false
python-versions = ">=2.7, !=3.0.*, !=3.1.*, !=3.2.*, !=3.3.*"
version = "3.7.8"

[package.dependencies]
entrypoints = ">=0.3.0,<0.4.0"
mccabe = ">=0.6.0,<0.7.0"
pycodestyle = ">=2.5.0,<2.6.0"
pyflakes = ">=2.1.0,<2.2.0"

[[package]]
category = "dev"
description = "A flake8 extension that checks for blind except: statements"
name = "flake8-blind-except"
optional = false
python-versions = "*"
version = "0.1.1"

[package.dependencies]
setuptools = "*"

[[package]]
category = "dev"
description = "A plugin for flake8 finding likely bugs and design problems in your program. Contains warnings that don't belong in pyflakes and pycodestyle."
name = "flake8-bugbear"
optional = false
python-versions = ">=3.5"
version = "19.8.0"

[package.dependencies]
attrs = "*"
flake8 = ">=3.0.0"

[[package]]
category = "dev"
description = "Check for python builtins being used as variables or parameters."
name = "flake8-builtins"
optional = false
python-versions = "*"
version = "1.4.1"

[package.dependencies]
flake8 = "*"

[package.extras]
test = ["coverage", "coveralls", "mock", "pytest", "pytest-cov"]

[[package]]
category = "dev"
description = "Flake8 lint for trailing commas."
name = "flake8-commas"
optional = false
python-versions = "*"
version = "2.0.0"

[package.dependencies]
flake8 = ">=2,<4.0.0"

[[package]]
category = "dev"
description = "Warns about deprecated method calls."
name = "flake8-deprecated"
optional = false
python-versions = "*"
version = "1.3"

[package.dependencies]
flake8 = ">=3.0.0"

[[package]]
category = "dev"
description = "flake8 plugin that integrates isort ."
name = "flake8-isort"
optional = false
python-versions = "*"
version = "2.7.0"

[package.dependencies]
flake8 = ">=3.2.1"
isort = ">=4.3.0"
testfixtures = "*"

[package.extras]
test = ["pytest"]

[[package]]
category = "dev"
description = "Flake8 extension to validate (lack of) logging format strings"
name = "flake8-logging-format"
optional = false
python-versions = "*"
version = "0.6.0"

[[package]]
category = "dev"
description = "Provides checking for non-existent mock methods"
name = "flake8-mock"
optional = false
python-versions = "*"
version = "0.3"

[[package]]
category = "dev"
description = "Polyfill package for Flake8 plugins"
name = "flake8-polyfill"
optional = false
python-versions = "*"
version = "1.0.2"

[package.dependencies]
flake8 = "*"

[[package]]
category = "dev"
description = "print statement checker plugin for flake8"
name = "flake8-print"
optional = false
python-versions = "*"
version = "3.1.0"

[package.dependencies]
flake8 = ">=1.5"
pycodestyle = "*"
six = "*"

[[package]]
category = "dev"
description = "Flake8 lint for quotes."
name = "flake8-quotes"
optional = false
python-versions = "*"
version = "2.1.0"

[package.dependencies]
flake8 = "*"

[[package]]
category = "dev"
description = "Check code for 1 element tuple."
name = "flake8-tuple"
optional = false
python-versions = "*"
version = "0.4.0"

[package.dependencies]
flake8 = "*"
six = "*"

[[package]]
category = "main"
description = "A simple framework for building complex web applications."
name = "flask"
optional = false
python-versions = ">=2.7, !=3.0.*, !=3.1.*, !=3.2.*, !=3.3.*, !=3.4.*"
version = "1.1.1"

[package.dependencies]
Jinja2 = ">=2.10.1"
Werkzeug = ">=0.15"
click = ">=5.1"
itsdangerous = ">=0.24"

[package.extras]
dev = ["pytest", "coverage", "tox", "sphinx", "pallets-sphinx-themes", "sphinxcontrib-log-cabinet", "sphinx-issues"]
docs = ["sphinx", "pallets-sphinx-themes", "sphinxcontrib-log-cabinet", "sphinx-issues"]
dotenv = ["python-dotenv"]

[[package]]
category = "main"
description = "Compress responses in your Flask app with gzip."
name = "flask-compress"
optional = false
python-versions = "*"
version = "1.4.0"

[package.dependencies]
Flask = "*"

[[package]]
category = "main"
description = "Clean single-source support for Python 3 and 2"
name = "future"
optional = false
python-versions = ">=2.6, !=3.0.*, !=3.1.*, !=3.2.*"
version = "0.17.1"

[[package]]
category = "dev"
description = "gitchangelog generates a changelog thanks to git log."
name = "gitchangelog"
optional = false
python-versions = "*"
version = "3.0.4"

[package.extras]
Mako = ["mako"]
Mustache = ["pystache"]
test = ["mako", "minimock", "nose", "pystache"]

[[package]]
category = "main"
description = "Inspect variables, expressions, and program execution with a single, simple function call."
name = "icecream"
optional = false
python-versions = "*"
version = "1.5.0"

[package.dependencies]
colorama = ">=0.3.9"
pygments = ">=2.2.0"
untokenize = ">=0.1.1"

[[package]]
category = "dev"
description = "Read metadata from Python packages"
name = "importlib-metadata"
optional = false
python-versions = ">=2.7,!=3.0,!=3.1,!=3.2,!=3.3"
version = "0.19"

[package.dependencies]
zipp = ">=0.5"

[package.extras]
docs = ["sphinx", "rst.linker"]
testing = ["importlib-resources"]

[[package]]
category = "dev"
description = "A Python utility / library to sort Python imports."
name = "isort"
optional = false
python-versions = ">=2.7, !=3.0.*, !=3.1.*, !=3.2.*, !=3.3.*"
version = "4.3.21"

[package.extras]
pipfile = ["pipreqs", "requirementslib"]
pyproject = ["toml"]
requirements = ["pipreqs", "pip-api"]
xdg_home = ["appdirs (>=1.4.0)"]

[[package]]
category = "main"
description = "Various helpers to pass data to untrusted environments and back."
name = "itsdangerous"
optional = false
python-versions = ">=2.7, !=3.0.*, !=3.1.*, !=3.2.*, !=3.3.*"
version = "1.1.0"

[[package]]
category = "main"
description = "A small but fast and easy to use stand-alone template engine written in pure python."
name = "jinja2"
optional = false
python-versions = "*"
version = "2.10.1"

[package.dependencies]
MarkupSafe = ">=0.23"

[package.extras]
i18n = ["Babel (>=0.8)"]

[[package]]
category = "dev"
description = "Thread-based interface to file system observation primitives."
marker = "sys_platform == \"darwin\""
name = "macfsevents"
optional = false
python-versions = "*"
version = "0.8.1"

[[package]]
category = "dev"
description = "A super-fast templating language that borrows the  best ideas from the existing templating languages."
name = "mako"
optional = false
python-versions = ">=2.7, !=3.0.*, !=3.1.*, !=3.2.*, !=3.3.*"
version = "1.1.0"

[package.dependencies]
MarkupSafe = ">=0.9.2"

[[package]]
category = "dev"
description = "Create Python CLI apps with little to no effort at all!"
name = "mando"
optional = false
python-versions = "*"
version = "0.6.4"

[package.dependencies]
six = "*"

[package.extras]
restructuredText = ["rst2ansi"]

[[package]]
category = "dev"
description = "Python implementation of Markdown."
name = "markdown"
optional = false
python-versions = ">=2.7,!=3.0.*,!=3.1.*,!=3.2.*,!=3.3.*,!=3.4.*"
version = "3.1.1"

[package.dependencies]
setuptools = ">=36"

[package.extras]
testing = ["coverage", "pyyaml"]

[[package]]
category = "main"
description = "Safely add untrusted strings to HTML/XML markup."
name = "markupsafe"
optional = false
python-versions = ">=2.7,!=3.0.*,!=3.1.*,!=3.2.*,!=3.3.*"
version = "1.1.1"

[[package]]
category = "dev"
description = "McCabe checker, plugin for flake8"
name = "mccabe"
optional = false
python-versions = "*"
version = "0.6.1"

[[package]]
category = "dev"
description = "More routines for operating on iterables, beyond itertools"
name = "more-itertools"
optional = false
python-versions = ">=3.4"
version = "7.2.0"

[[package]]
category = "main"
description = "NumPy is the fundamental package for array computing with Python."
name = "numpy"
optional = false
python-versions = ">=3.5"
version = "1.17.1"

[[package]]
category = "dev"
description = "Core utilities for Python packages"
name = "packaging"
optional = false
python-versions = ">=2.7, !=3.0.*, !=3.1.*, !=3.2.*, !=3.3.*"
version = "19.1"

[package.dependencies]
attrs = "*"
pyparsing = ">=2.0.2"
six = "*"

[[package]]
category = "main"
description = "Powerful data structures for data analysis, time series, and statistics"
name = "pandas"
optional = false
python-versions = ">=2.7,!=3.0.*,!=3.1.*,!=3.2.*,!=3.3.*,!=3.4.*"
version = "0.24.2"

[package.dependencies]
numpy = ">=1.12.0"
python-dateutil = ">=2.5.0"
pytz = ">=2011k"

[[package]]
category = "dev"
description = "A Python package for describing statistical models and for building design matrices."
name = "patsy"
optional = false
python-versions = "*"
version = "0.5.1"

[package.dependencies]
numpy = ">=1.4"
six = "*"

[[package]]
category = "dev"
description = "Auto-generate API documentation for Python projects."
name = "pdoc3"
optional = false
python-versions = ">= 3.5"
version = "0.6.3"

[package.dependencies]
mako = "*"
markdown = ">=3.0"

[[package]]
category = "dev"
description = "Check PEP-8 naming conventions, plugin for flake8"
name = "pep8-naming"
optional = false
python-versions = "*"
version = "0.8.2"

[package.dependencies]
flake8-polyfill = ">=1.0.2,<2"

[[package]]
category = "main"
description = "An open-source, interactive graphing library for Python"
name = "plotly"
optional = false
python-versions = "*"
version = "4.1.0"

[package.dependencies]
retrying = ">=1.3.3"
six = "*"

[[package]]
category = "dev"
description = "Plotly Express - a high level wrapper for Plotly.py"
name = "plotly-express"
optional = false
python-versions = "*"
version = "0.3.0"

[package.dependencies]
numpy = ">=1.11"
pandas = ">=0.20.0"
patsy = ">=0.5"
plotly = ">=3.10.0"
scipy = ">=0.18"
statsmodels = ">=0.9.0"

[[package]]
category = "dev"
description = "plugin and hook calling mechanisms for python"
name = "pluggy"
optional = false
python-versions = ">=2.7, !=3.0.*, !=3.1.*, !=3.2.*, !=3.3.*"
version = "0.12.0"

[package.dependencies]
importlib-metadata = ">=0.12"

[package.extras]
dev = ["pre-commit", "tox"]

[[package]]
category = "dev"
description = "library with cross-python path, ini-parsing, io, code, log facilities"
name = "py"
optional = false
python-versions = ">=2.7, !=3.0.*, !=3.1.*, !=3.2.*, !=3.3.*"
version = "1.8.0"

[[package]]
category = "dev"
description = "Python style guide checker"
name = "pycodestyle"
optional = false
python-versions = ">=2.7, !=3.0.*, !=3.1.*, !=3.2.*, !=3.3.*"
version = "2.5.0"

[[package]]
category = "dev"
description = "passive checker of Python programs"
name = "pyflakes"
optional = false
python-versions = ">=2.7, !=3.0.*, !=3.1.*, !=3.2.*, !=3.3.*"
version = "2.1.1"

[[package]]
category = "main"
description = "Pygments is a syntax highlighting package written in Python."
name = "pygments"
optional = false
python-versions = ">=2.7, !=3.0.*, !=3.1.*, !=3.2.*, !=3.3.*, !=3.4.*"
version = "2.4.2"

[[package]]
category = "dev"
description = "Linux filesystem events monitoring"
marker = "sys_platform == \"linux\""
name = "pyinotify"
optional = false
python-versions = "*"
version = "0.9.6"

[[package]]
category = "dev"
description = "Python parsing module"
name = "pyparsing"
optional = false
python-versions = ">=2.6, !=3.0.*, !=3.1.*, !=3.2.*"
version = "2.4.2"

[[package]]
category = "dev"
description = "pytest: simple powerful testing with Python"
name = "pytest"
optional = false
python-versions = ">=2.7, !=3.0.*, !=3.1.*, !=3.2.*, !=3.3.*"
version = "4.6.5"

[package.dependencies]
atomicwrites = ">=1.0"
attrs = ">=17.4.0"
colorama = "*"
importlib-metadata = ">=0.12"
packaging = "*"
pluggy = ">=0.12,<1.0"
py = ">=1.5.0"
six = ">=1.10.0"
wcwidth = "*"

[package.dependencies.more-itertools]
python = ">2.7"
version = ">=4.0.0"

[package.extras]
testing = ["argcomplete", "hypothesis (>=3.56)", "nose", "requests", "mock"]

[[package]]
category = "dev"
description = "Pytest plugin for measuring coverage."
name = "pytest-cov"
optional = false
python-versions = ">=2.7, !=3.0.*, !=3.1.*, !=3.2.*, !=3.3.*"
version = "2.7.1"

[package.dependencies]
coverage = ">=4.4"
pytest = ">=3.6"

[package.extras]
testing = ["fields", "hunter", "process-tests (2.0.2)", "six", "virtualenv"]

[[package]]
category = "main"
description = "Extensions to the standard Python datetime module"
name = "python-dateutil"
optional = false
python-versions = ">=2.7, !=3.0.*, !=3.1.*, !=3.2.*"
version = "2.8.0"

[package.dependencies]
six = ">=1.5"

[[package]]
category = "main"
description = "World timezone definitions, modern and historical"
name = "pytz"
optional = false
python-versions = "*"
version = "2019.2"

[[package]]
category = "dev"
description = "Code Metrics in Python"
name = "radon"
optional = false
python-versions = "*"
version = "3.0.3"

[package.dependencies]
colorama = ">=0.4,<0.5"
flake8-polyfill = "*"
future = "*"
mando = ">=0.6,<0.7"

[[package]]
category = "main"
description = "Retrying"
name = "retrying"
optional = false
python-versions = "*"
version = "1.3.3"

[package.dependencies]
six = ">=1.7.0"

[[package]]
category = "dev"
description = "SciPy: Scientific Library for Python"
name = "scipy"
optional = false
python-versions = ">=3.5"
version = "1.3.1"

[package.dependencies]
numpy = ">=1.13.3"

[[package]]
category = "main"
description = "Python 2 and 3 compatibility utilities"
name = "six"
optional = false
python-versions = ">=2.6, !=3.0.*, !=3.1.*"
version = "1.12.0"

[[package]]
category = "dev"
description = "Statistical computations and models for Python"
name = "statsmodels"
optional = false
python-versions = "*"
version = "0.10.1"

[package.dependencies]
numpy = ">=1.11"
pandas = ">=0.19"
patsy = ">=0.4.0"
scipy = ">=0.18"

[package.extras]
build = ["cython (>=0.24)"]
develop = ["cython (>=0.24)"]
docs = ["sphinx", "nbconvert", "jupyter-client", "ipykernel", "matplotlib", "nbformat", "numpydoc", "pandas-datareader"]

[[package]]
category = "dev"
description = "A collection of helpers and mock objects for unit tests and doc tests."
name = "testfixtures"
optional = false
python-versions = "*"
version = "6.10.0"

[package.extras]
build = ["setuptools-git", "wheel", "twine"]
docs = ["sphinx"]
test = ["pytest (>=3.6)", "pytest-cov", "pytest-django", "sybil", "zope.component", "twisted", "mock", "django (<2)", "django"]

[[package]]
category = "dev"
description = "Python Library for Tom's Obvious, Minimal Language"
name = "toml"
optional = false
python-versions = "*"
version = "0.10.0"

[[package]]
category = "dev"
description = "Fast, Extensible Progress Meter"
name = "tqdm"
optional = false
python-versions = ">=2.6, !=3.0.*, !=3.1.*"
version = "4.35.0"

[package.extras]
dev = ["py-make (>=0.1.0)", "twine", "argopt", "pydoc-markdown"]

[[package]]
category = "main"
description = "Transforms tokens into original source code (while preserving whitespace)."
name = "untokenize"
optional = false
python-versions = "*"
version = "0.1.1"

[[package]]
category = "dev"
description = "Measures number of Terminal column cells of wide-character codes"
name = "wcwidth"
optional = false
python-versions = "*"
version = "0.1.7"

[[package]]
category = "main"
description = "The comprehensive WSGI web application library."
name = "werkzeug"
optional = false
python-versions = ">=2.7, !=3.0.*, !=3.1.*, !=3.2.*, !=3.3.*"
version = "0.15.5"

[package.extras]
dev = ["pytest", "coverage", "tox", "sphinx", "pallets-sphinx-themes", "sphinx-issues"]
termcolor = ["termcolor"]
watchdog = ["watchdog"]

[[package]]
category = "dev"
description = "Backport of pathlib-compatible object wrapper for zip files"
name = "zipp"
optional = false
python-versions = ">=2.7"
version = "0.6.0"

[package.dependencies]
more-itertools = "*"

[package.extras]
docs = ["sphinx", "jaraco.packaging (>=3.2)", "rst.linker (>=1.9)"]
testing = ["pathlib2", "contextlib2", "unittest2"]

[metadata]
content-hash = "0b5d2824b85481f214394310d8a115f9f5cdf90f1cbc2eada6a8d8758340f3c7"
python-versions = "^3.7"

[metadata.hashes]
atomicwrites = ["03472c30eb2c5d1ba9227e4c2ca66ab8287fbfbbda3888aa93dc2e28fc6811b4", "75a9445bac02d8d058d5e1fe689654ba5a6556a1dfd8ce6ec55a0ed79866cfa6"]
attrs = ["69c0dbf2ed392de1cb5ec704444b08a5ef81680a61cb899dc08127123af36a79", "f0b870f674851ecbfbbbd364d6b5cbdff9dcedbc7f3f5e18a6891057f21fe399"]
autopep8 = ["4d8eec30cc81bc5617dbf1218201d770dc35629363547f17577c61683ccfb3ee"]
bottleneck = ["6efcde5f830aed64feafca0359b51db0e184c72af8ba6675b4a99f263922eb36"]
click = ["2335065e6395b9e67ca716de5f7526736bfa6ceead690adf616d925bdc622b13", "5b94b49521f6456670fdb30cd82a4eca9412788a93fa6dd6df72c94d5a8ff2d7"]
cloudpickle = ["603244e0f552b72a267d47a7d9b347b27a3430f58a0536037a290e7e0e212ecf", "b8ba7e322f2394b9bbbdc1c976e6442c2c02acc784cb9e553cee9186166a6890"]
colorama = ["05eed71e2e327246ad6b38c540c4a3117230b19679b875190486ddd2d721422d", "f8ac84de7840f5b9c4e3347b3c1eaa50f7e49c2b07596221daec5edaabbd7c48"]
coverage = ["08907593569fe59baca0bf152c43f3863201efb6113ecb38ce7e97ce339805a6", "0be0f1ed45fc0c185cfd4ecc19a1d6532d72f86a2bac9de7e24541febad72650", "141f08ed3c4b1847015e2cd62ec06d35e67a3ac185c26f7635f4406b90afa9c5", "19e4df788a0581238e9390c85a7a09af39c7b539b29f25c89209e6c3e371270d", "23cc09ed395b03424d1ae30dcc292615c1372bfba7141eb85e11e50efaa6b351", "245388cda02af78276b479f299bbf3783ef0a6a6273037d7c60dc73b8d8d7755", "331cb5115673a20fb131dadd22f5bcaf7677ef758741312bee4937d71a14b2ef", "386e2e4090f0bc5df274e720105c342263423e77ee8826002dcffe0c9533dbca", "3a794ce50daee01c74a494919d5ebdc23d58873747fa0e288318728533a3e1ca", "60851187677b24c6085248f0a0b9b98d49cba7ecc7ec60ba6b9d2e5574ac1ee9", "63a9a5fc43b58735f65ed63d2cf43508f462dc49857da70b8980ad78d41d52fc", "6b62544bb68106e3f00b21c8930e83e584fdca005d4fffd29bb39fb3ffa03cb5", "6ba744056423ef8d450cf627289166da65903885272055fb4b5e113137cfa14f", "7494b0b0274c5072bddbfd5b4a6c6f18fbbe1ab1d22a41e99cd2d00c8f96ecfe", "826f32b9547c8091679ff292a82aca9c7b9650f9fda3e2ca6bf2ac905b7ce888", "93715dffbcd0678057f947f496484e906bf9509f5c1c38fc9ba3922893cda5f5", "9a334d6c83dfeadae576b4d633a71620d40d1c379129d587faa42ee3e2a85cce", "af7ed8a8aa6957aac47b4268631fa1df984643f07ef00acd374e456364b373f5", "bf0a7aed7f5521c7ca67febd57db473af4762b9622254291fbcbb8cd0ba5e33e", "bf1ef9eb901113a9805287e090452c05547578eaab1b62e4ad456fcc049a9b7e", "c0afd27bc0e307a1ffc04ca5ec010a290e49e3afbe841c5cafc5c5a80ecd81c9", "dd579709a87092c6dbee09d1b7cfa81831040705ffa12a1b248935274aee0437", "df6712284b2e44a065097846488f66840445eb987eb81b3cc6e4149e7b6982e1", "e07d9f1a23e9e93ab5c62902833bf3e4b1f65502927379148b6622686223125c", "e2ede7c1d45e65e209d6093b762e98e8318ddeff95317d07a27a2140b80cfd24", "e4ef9c164eb55123c62411f5936b5c2e521b12356037b6e1c2617cef45523d47", "eca2b7343524e7ba246cab8ff00cab47a2d6d54ada3b02772e908a45675722e2", "eee64c616adeff7db37cc37da4180a3a5b6177f5c46b187894e633f088fb5b28", "ef824cad1f980d27f26166f86856efe11eff9912c4fed97d3804820d43fa550c", "efc89291bd5a08855829a3c522df16d856455297cf35ae827a37edac45f466a7", "fa964bae817babece5aa2e8c1af841bebb6d0b9add8e637548809d040443fee0", "ff37757e068ae606659c28c3bd0d923f9d29a85de79bf25b2b34b148473b5025"]
dash = ["843db5c4819ec927ee09be290f917949dcc02643f3db147c3dbc14e3aac4ec21"]
dash-core-components = ["85e77774ca455adf0e2cfe4f52db29db4cbbffcc15c9618b34e16d0e8ad98310"]
dash-daq = ["659f3fb316bb24cc344e8d09ea432dfd113dd2cfbe56d6a24ecac797b02ac70a"]
dash-html-components = ["7d7e80bf12635eb7d281fb0e7dd4b6e53f10dd57e3384ea5044c44ab16454fe4"]
dash-renderer = ["50982ff79ae45feb541eabbb5e8a4a0d41fe6968ae6bbae93919211baa5793f8"]
dash-table = ["8456759e741e2a274647705ec1c7aacea375172678b272e6a1e531fe34db86cc"]
doit = ["52b7ad1c0095425bd719c2fc9fb27af94fb0ee478762c50abf385faaf786d010", "bad01949effd537cade3aea286cc2cde074bdb7a4f442015557b1228dd46f5ea"]
entrypoints = ["589f874b313739ad35be6e0cd7efde2a4e9b6fea91edcc34e58ecbb8dbe56d19", "c70dd71abe5a8c85e55e12c19bd91ccfeec11a6e99044204511f9ed547d48451"]
flake8 = ["19241c1cbc971b9962473e4438a2ca19749a7dd002dd1a946eaba171b4114548", "8e9dfa3cecb2400b3738a42c54c3043e821682b9c840b0448c0503f781130696"]
flake8-blind-except = ["0d7d1adb4cabf2268d6eebb815a7a5014bcb7e8419f7a74339c46d0b8847b858", "aca3356633825544cec51997260fe31a8f24a1a2795ce8e81696b9916745e599"]
flake8-bugbear = ["d8c466ea79d5020cb20bf9f11cf349026e09517a42264f313d3f6fddb83e0571", "ded4d282778969b5ab5530ceba7aa1a9f1b86fa7618fc96a19a1d512331640f8"]
flake8-builtins = ["8d806360767947c0035feada4ddef3ede32f0a586ef457e62d811b8456ad9a51", "cd7b1b7fec4905386a3643b59f9ca8e305768da14a49a7efb31fe9364f33cd04"]
flake8-commas = ["d3005899466f51380387df7151fb59afec666a0f4f4a2c6a8995b975de0f44b7", "ee2141a3495ef9789a3894ed8802d03eff1eaaf98ce6d8653a7c573ef101935e"]
flake8-deprecated = ["211951854837ced9ec997a75c6e5b957f3536a735538ee0620b76539fd3706cd", "9fa5a0c5c81fb3b34c53a0e4f16cd3f0a3395078cfd4988011cbab5fb0afa7f7"]
flake8-isort = ["1e67b6b90a9b980ac3ff73782087752d406ce0a729ed928b92797f9fa188917e", "81a8495eefed3f2f63f26cd2d766c7b1191e923a15b9106e6233724056572c68"]
flake8-logging-format = ["ca5f2b7fc31c3474a0aa77d227e022890f641a025f0ba664418797d979a779f8"]
flake8-mock = ["2fa775e7589f4e1ad74f35d60953eb20937f5d7355235e54bf852c6837f2bede"]
flake8-polyfill = ["12be6a34ee3ab795b19ca73505e7b55826d5f6ad7230d31b18e106400169b9e9", "e44b087597f6da52ec6393a709e7108b2905317d0c0b744cdca6208e670d8eda"]
flake8-print = ["5010e6c138b63b62400da4b06afa33becc5e08bd1fcce9af3752445cf3342f54"]
flake8-quotes = ["5dbaf668887873f28346fb87943d6da2e4b9f77ce9f2169cff21764a0a4934ed"]
flake8-tuple = ["8d41db2e4a5320ffd29cf78a95f1d7da9f22b47949427a4d7f8391333eec2a15"]
flask = ["13f9f196f330c7c2c5d7a5cf91af894110ca0215ac051b5844701f2bfd934d52", "45eb5a6fd193d6cf7e0cf5d8a5b31f83d5faae0293695626f539a823e93b13f6"]
flask-compress = ["468693f4ddd11ac6a41bca4eb5f94b071b763256d54136f77957cfee635badb3"]
future = ["67045236dcfd6816dc439556d009594abf643e5eb48992e36beac09c2ca659b8"]
gitchangelog = ["3d8d6a730450fbd5b0a9bc58d0dd3e269c967d7eb4fece0c5cff4372a3f77421", "45f8b8e64cece0d9bb03a35ecd8ee62c1c7157f8dac0ef3cb68381bfcc1bde29"]
icecream = ["2f47e967bb5d2cf67cdb68cfb02b2e4adbe44f3e77f234559db33a2f1b40a0e6", "859ae6679ef00b7bb9b3c3c0aded7970af487ebf91e306aa9ff98fbbaf8f2a47"]
importlib-metadata = ["23d3d873e008a513952355379d93cbcab874c58f4f034ff657c7a87422fa64e8", "80d2de76188eabfbfcf27e6a37342c2827801e59c4cc14b0371c56fed43820e3"]
isort = ["54da7e92468955c4fceacd0c86bd0ec997b0e1ee80d97f67c35a78b719dccab1", "6e811fcb295968434526407adb8796944f1988c5b65e8139058f2014cbe100fd"]
itsdangerous = ["321b033d07f2a4136d3ec762eac9f16a10ccd60f53c0c91af90217ace7ba1f19", "b12271b2047cb23eeb98c8b5622e2e5c5e9abd9784a153e9d8ef9cb4dd09d749"]
jinja2 = ["065c4f02ebe7f7cf559e49ee5a95fb800a9e4528727aec6f24402a5374c65013", "14dd6caf1527abb21f08f86c784eac40853ba93edb79552aa1e4b8aef1b61c7b"]
macfsevents = ["1324b66b356051de662ba87d84f73ada062acd42b047ed1246e60a449f833e10"]
mako = ["a36919599a9b7dc5d86a7a8988f23a9a3a3d083070023bab23d64f7f1d1e0a4b"]
mando = ["4ce09faec7e5192ffc3c57830e26acba0fd6cd11e1ee81af0d4df0657463bd1c", "79feb19dc0f097daa64a1243db578e7674909b75f88ac2220f1c065c10a0d960"]
markdown = ["2e50876bcdd74517e7b71f3e7a76102050edec255b3983403f1a63e7c8a41e7a", "56a46ac655704b91e5b7e6326ce43d5ef72411376588afa1dd90e881b83c7e8c"]
markupsafe = ["00bc623926325b26bb9605ae9eae8a215691f33cae5df11ca5424f06f2d1f473", "09027a7803a62ca78792ad89403b1b7a73a01c8cb65909cd876f7fcebd79b161", "09c4b7f37d6c648cb13f9230d847adf22f8171b1ccc4d5682398e77f40309235", "1027c282dad077d0bae18be6794e6b6b8c91d58ed8a8d89a89d59693b9131db5", "24982cc2533820871eba85ba648cd53d8623687ff11cbb805be4ff7b4c971aff", "29872e92839765e546828bb7754a68c418d927cd064fd4708fab9fe9c8bb116b", "43a55c2930bbc139570ac2452adf3d70cdbb3cfe5912c71cdce1c2c6bbd9c5d1", "46c99d2de99945ec5cb54f23c8cd5689f6d7177305ebff350a58ce5f8de1669e", "500d4957e52ddc3351cabf489e79c91c17f6e0899158447047588650b5e69183", "535f6fc4d397c1563d08b88e485c3496cf5784e927af890fb3c3aac7f933ec66", "62fe6c95e3ec8a7fad637b7f3d372c15ec1caa01ab47926cfdf7a75b40e0eac1", "6dd73240d2af64df90aa7c4e7481e23825ea70af4b4922f8ede5b9e35f78a3b1", "717ba8fe3ae9cc0006d7c451f0bb265ee07739daf76355d06366154ee68d221e", "79855e1c5b8da654cf486b830bd42c06e8780cea587384cf6545b7d9ac013a0b", "7c1699dfe0cf8ff607dbdcc1e9b9af1755371f92a68f706051cc8c37d447c905", "88e5fcfb52ee7b911e8bb6d6aa2fd21fbecc674eadd44118a9cc3863f938e735", "8defac2f2ccd6805ebf65f5eeb132adcf2ab57aa11fdf4c0dd5169a004710e7d", "98c7086708b163d425c67c7a91bad6e466bb99d797aa64f965e9d25c12111a5e", "9add70b36c5666a2ed02b43b335fe19002ee5235efd4b8a89bfcf9005bebac0d", "9bf40443012702a1d2070043cb6291650a0841ece432556f784f004937f0f32c", "ade5e387d2ad0d7ebf59146cc00c8044acbd863725f887353a10df825fc8ae21", "b00c1de48212e4cc9603895652c5c410df699856a2853135b3967591e4beebc2", "b1282f8c00509d99fef04d8ba936b156d419be841854fe901d8ae224c59f0be5", "b2051432115498d3562c084a49bba65d97cf251f5a331c64a12ee7e04dacc51b", "ba59edeaa2fc6114428f1637ffff42da1e311e29382d81b339c1817d37ec93c6", "c8716a48d94b06bb3b2524c2b77e055fb313aeb4ea620c8dd03a105574ba704f", "cd5df75523866410809ca100dc9681e301e3c27567cf498077e8551b6d20e42f", "e249096428b3ae81b08327a63a485ad0878de3fb939049038579ac0ef61e17e7"]
mccabe = ["ab8a6258860da4b6677da4bd2fe5dc2c659cff31b3ee4f7f5d64e79735b80d42", "dd8d182285a0fe56bace7f45b5e7d1a6ebcbf524e8f3bd87eb0f125271b8831f"]
more-itertools = ["409cd48d4db7052af495b09dec721011634af3753ae1ef92d2b32f73a745f832", "92b8c4b06dac4f0611c0729b2f2ede52b2e1bac1ab48f089c7ddc12e26bb60c4"]
numpy = ["03f2ebcbffcce2dec8860633b89a93e80c6a239d21a77ae8b241450dc21e8c35", "078c8025da5ab9e8657edc9c2a1e9642e06e953bc7baa2e65c1aa9d9dfb7e98b", "0fbfa98c5d5c3c6489cc1e852ec94395d51f35d9ebe70c6850e47f465038cdf4", "1c841033f4fe6801648180c3033c45b3235a8bbd09bc7249010f99ea27bb6790", "2c0984a01ddd0aeec89f0ce46ef21d64761048cd76c0074d0658c91f9131f154", "4c166dcb0fff7cb3c0bbc682dfb5061852a2547efb6222e043a7932828c08fb5", "8c2d98d0623bd63fb883b65256c00454d5f53127a5a7bcdaa8bdc582814e8cb4", "8cb4b6ae45aad6d26712a1ce0a3f2556c5e1484867f9649e03496e45d6a5eba4", "93050e73c446c82065b7410221b07682e475ac51887cd9368227a5d944afae80", "a3f6b3024f8826d8b1490e6e2a9b99e841cd2c375791b1df62991bd8f4c00b89", "bede70fd8699695363f39e86c1e869b2c8b74fb5ef135a67b9e1eeebff50322a", "c304b2221f33489cd15a915237a84cdfe9420d7e4d4828c78a0820f9d990395c", "f11331530f0eff69a758d62c2461cd98cdc2eae0147279d8fc86e0464eb7e8ca", "fa5f2a8ef1e07ba258dc07d4dd246de23ef4ab920ae0f3fa2a1cc5e90f0f1888", "fb6178b0488b0ce6a54bc4accbdf5225e937383586555604155d64773f6beb2b", "fd5e830d4dc31658d61a6452cd3e842213594d8c15578cdae6829e36ad9c0930"]
packaging = ["a7ac867b97fdc07ee80a8058fe4435ccd274ecc3b0ed61d852d7d53055528cf9", "c491ca87294da7cc01902edbe30a5bc6c4c28172b5138ab4e4aa1b9d7bfaeafe"]
pandas = ["071e42b89b57baa17031af8c6b6bbd2e9a5c68c595bc6bf9adabd7a9ed125d3b", "17450e25ae69e2e6b303817bdf26b2cd57f69595d8550a77c308be0cd0fd58fa", "17916d818592c9ec891cbef2e90f98cc85e0f1e89ed0924c9b5220dc3209c846", "2538f099ab0e9f9c9d09bbcd94b47fd889bad06dc7ae96b1ed583f1dc1a7a822", "366f30710172cb45a6b4f43b66c220653b1ea50303fbbd94e50571637ffb9167", "42e5ad741a0d09232efbc7fc648226ed93306551772fc8aecc6dce9f0e676794", "4e718e7f395ba5bfe8b6f6aaf2ff1c65a09bb77a36af6394621434e7cc813204", "4f919f409c433577a501e023943e582c57355d50a724c589e78bc1d551a535a2", "4fe0d7e6438212e839fc5010c78b822664f1a824c0d263fd858f44131d9166e2", "5149a6db3e74f23dc3f5a216c2c9ae2e12920aa2d4a5b77e44e5b804a5f93248", "627594338d6dd995cfc0bacd8e654cd9e1252d2a7c959449228df6740d737eb8", "83c702615052f2a0a7fb1dd289726e29ec87a27272d775cb77affe749cca28f8", "8c872f7fdf3018b7891e1e3e86c55b190e6c5cee70cab771e8f246c855001296", "90f116086063934afd51e61a802a943826d2aac572b2f7d55caaac51c13db5b5", "a3352bacac12e1fc646213b998bce586f965c9d431773d9e91db27c7c48a1f7d", "bcdd06007cca02d51350f96debe51331dec429ac8f93930a43eb8fb5639e3eb5", "c1bd07ebc15285535f61ddd8c0c75d0d6293e80e1ee6d9a8d73f3f36954342d0", "c9a4b7c55115eb278c19aa14b34fcf5920c8fe7797a09b7b053ddd6195ea89b3", "cc8fc0c7a8d5951dc738f1c1447f71c43734244453616f32b8aa0ef6013a5dfb", "d7b460bc316064540ce0c41c1438c416a40746fd8a4fb2999668bf18f3c4acf1"]
patsy = ["5465be1c0e670c3a965355ec09e9a502bf2c4cbe4875e8528b0221190a8a5d40", "f115cec4201e1465cd58b9866b0b0e7b941caafec129869057405bfe5b5e3991"]
pdoc3 = ["b144f61eb1f790e998dbbbe32785cd48eba587ebae00cfcf1a2408c8f4ffaca2"]
pep8-naming = ["01cb1dab2f3ce9045133d08449f1b6b93531dceacb9ef04f67087c11c723cea9", "0ec891e59eea766efd3059c3d81f1da304d858220678bdc351aab73c533f2fbb"]
plotly = ["9333f28feacaa0751df04cccfb266463bf5029dcb106d3f81d7af5942fd3d998", "c5effc51364490b1a20fe7bb8443cfe2451004fca727c7f3fedbc30f4cef5aab"]
plotly-express = ["a07d3bf3b9d222ada4f3b18d5e110cde1824292aebc2fd27de30d7b34b48eec0", "d3b116b205ec958828636d6efae66d5aa2b9995b7e41354bd8756e35743bd249"]
pluggy = ["0825a152ac059776623854c1543d65a4ad408eb3d33ee114dff91e57ec6ae6fc", "b9817417e95936bf75d85d3f8767f7df6cdde751fc40aed3bb3074cbcb77757c"]
py = ["64f65755aee5b381cea27766a3a147c3f15b9b6b9ac88676de66ba2ae36793fa", "dc639b046a6e2cff5bbe40194ad65936d6ba360b52b3c3fe1d08a82dd50b5e53"]
pycodestyle = ["95a2219d12372f05704562a14ec30bc76b05a5b297b21a5dfe3f6fac3491ae56", "e40a936c9a450ad81df37f549d676d127b1b66000a6c500caa2b085bc0ca976c"]
pyflakes = ["17dbeb2e3f4d772725c777fabc446d5634d1038f234e77343108ce445ea69ce0", "d976835886f8c5b31d47970ed689944a0262b5f3afa00a5a7b4dc81e5449f8a2"]
pygments = ["71e430bc85c88a430f000ac1d9b331d2407f681d6f6aec95e8bcfbc3df5b0127", "881c4c157e45f30af185c1ffe8d549d48ac9127433f2c380c24b84572ad66297"]
pyinotify = ["9c998a5d7606ca835065cdabc013ae6c66eb9ea76a00a1e3bc6e0cfe2b4f71f4"]
pyparsing = ["6f98a7b9397e206d78cc01df10131398f1c8b8510a2f4d97d9abd82e1aacdd80", "d9338df12903bbf5d65a0e4e87c2161968b10d2e489652bb47001d82a9b028b4"]
pytest = ["8fc39199bdda3d9d025d3b1f4eb99a192c20828030ea7c9a0d2840721de7d347", "d100a02770f665f5dcf7e3f08202db29857fee6d15f34c942be0a511f39814f0"]
pytest-cov = ["2b097cde81a302e1047331b48cadacf23577e431b61e9c6f49a1170bbe3d3da6", "e00ea4fdde970725482f1f35630d12f074e121a23801aabf2ae154ec6bdd343a"]
python-dateutil = ["7e6584c74aeed623791615e26efd690f29817a27c73085b78e4bad02493df2fb", "c89805f6f4d64db21ed966fda138f8a5ed7a4fdbc1a8ee329ce1b74e3c74da9e"]
pytz = ["26c0b32e437e54a18161324a2fca3c4b9846b74a8dccddd843113109e1116b32", "c894d57500a4cd2d5c71114aaab77dbab5eabd9022308ce5ac9bb93a60a6f0c7"]
radon = ["0cde1953547a164d24420ed6ccdfa18b61f1457b96a2b99ff0de76b22d504a0f", "ee20308ce8bae7a89b067425b63b141a0077632ab318d5288da649c830882b3d"]
retrying = ["08c039560a6da2fe4f2c426d0766e284d3b736e355f8dd24b37367b0bb41973b"]
scipy = ["0baa64bf42592032f6f6445a07144e355ca876b177f47ad8d0612901c9375bef", "243b04730d7223d2b844bda9500310eecc9eda0cba9ceaf0cde1839f8287dfa8", "2643cfb46d97b7797d1dbdb6f3c23fe3402904e3c90e6facfe6a9b98d808c1b5", "396eb4cdad421f846a1498299474f0a3752921229388f91f60dc3eda55a00488", "3ae3692616975d3c10aca6d574d6b4ff95568768d4525f76222fb60f142075b9", "435d19f80b4dcf67dc090cc04fde2c5c8a70b3372e64f6a9c58c5b806abfa5a8", "46a5e55850cfe02332998b3aef481d33f1efee1960fe6cfee0202c7dd6fc21ab", "75b513c462e58eeca82b22fc00f0d1875a37b12913eee9d979233349fce5c8b2", "7ccfa44a08226825126c4ef0027aa46a38c928a10f0a8a8483c80dd9f9a0ad44", "89dd6a6d329e3f693d1204d5562dd63af0fd7a17854ced17f9cbc37d5b853c8d", "a81da2fe32f4eab8b60d56ad43e44d93d392da228a77e229e59b51508a00299c", "a9d606d11eb2eec7ef893eb825017fbb6eef1e1d0b98a5b7fc11446ebeb2b9b1", "ac37eb652248e2d7cbbfd89619dce5ecfd27d657e714ed049d82f19b162e8d45", "cbc0611699e420774e945f6a4e2830f7ca2b3ee3483fca1aa659100049487dd5", "d02d813ec9958ed63b390ded463163685af6025cb2e9a226ec2c477df90c6957", "dd3b52e00f93fd1c86f2d78243dfb0d02743c94dd1d34ffea10055438e63b99d"]
six = ["3350809f0555b11f552448330d0b52d5f24c91a322ea4a15ef22629740f3761c", "d16a0141ec1a18405cd4ce8b4613101da75da0e9a7aec5bdd4fa804d0e0eba73"]
statsmodels = ["0013c9c5c8ff1cfad519da1284e34297b9882d9708c768b23f3cf49d40657fa0", "13970b517e3b6a7b22c4ccb0f8df040952904a8a5e27186843a05720b999d759", "248a3b2e3774fda04f40e533da1a5e96d97c153df78c757e4468ccdac5f56256", "249ddab20cc0a4497151b3343cf849809712e62ba495a889c861bdcdb038e795", "320659a80f916c2edf9dfbe83512d9004bb562b72eedb7d9374562038697fa10", "3b2a411a92ad7382901744e69fb4a61fd9053a13a267175674eb2112cda143e0", "509b5ad86361024a7b9a084f4f9b435dc240d68801c128938abd6128c7360500", "53e1bb1671b9f93e706d007bb97cc63e3d0c59954e08cb35a62d7b6f7405ee29", "671e5917241edc9c69b08157e6b258105a611541482a41ebab88bcb646526465", "8741ae7d1c5a7abd96a9cc1840d02a938745dabf38edc645d388cf3fc0f2c0d5", "b81b8c08b884d8029e14156aa836d878cf528bef6111d421db82eaa33dbe6559", "ba4554bc43c23700734f970d09f45d9fccd2fc97441d0ce1a448bae35d56c29e", "bc0a836185caee3f532ea1fc41fe3792289241f268d70c6e978343d061bceede", "cb9ae882becae277e28a5e683582725aedc01a41fb36ed9eee0bb90bcfd1a457", "df122a07c65a92ba9087af9626ddd44c8de0236ecfd7e42bf6a71f186c888f4b", "e061aa63412d4051ce69c37381848d259a15c15cb8bace4d3727bf9b7fbafb0c", "edb9f2d4bb23b83af6c31cddb3a50e800dad07f3fb33e44f876139e6c32b23fa", "ef1b80d0f82f69bef8d1e766112af3827c1d4b09f4c146ecdf5901d0d2dc6986", "efb250efe8d1cddf1fd5118de2a5e40523711b9b4c5b816a072635f07e20ab00", "f1ba91668eb673dfb97b9a04420dad386a80acc93d8dde0b0884c127be530024"]
testfixtures = ["665a298976c8d77f311b65c46f16b7cda7229a47dff5ad7c822e5b3371a439e2", "9d230c5c80746f9f86a16a1f751a5cf5d8e317d4cc48243a19fb180d22303bce"]
toml = ["229f81c57791a41d65e399fc06bf0848bab550a9dfd5ed66df18ce5f05e73d5c", "235682dd292d5899d361a811df37e04a8828a5b1da3115886b73cf81ebc9100e", "f1db651f9657708513243e61e6cc67d101a39bad662eaa9b5546f789338e07a3"]
tqdm = ["1be3e4e3198f2d0e47b928e9d9a8ec1b63525db29095cec1467f4c5a4ea8ebf9", "7e39a30e3d34a7a6539378e39d7490326253b7ee354878a92255656dc4284457"]
untokenize = ["3865dbbbb8efb4bb5eaa72f1be7f3e0be00ea8b7f125c69cbd1f5fda926f37a2"]
wcwidth = ["3df37372226d6e63e1b1e1eda15c594bca98a22d33a23832a90998faa96bc65e", "f4ebe71925af7b40a864553f761ed559b43544f8f71746c2d756c7fe788ade7c"]
werkzeug = ["87ae4e5b5366da2347eb3116c0e6c681a0e939a33b2805e2c0cbd282664932c4", "a13b74dd3c45f758d4ebdb224be8f1ab8ef58b3c0ffc1783a8c7d9f4f50227e6"]
zipp = ["3718b1cbcd963c7d4c5511a8240812904164b7f381b647143a89d3b98f9bcd8e", "f06903e9f1f43b12d371004b4ac7b06ab39a44adc747266928ae6debfa7b3335"]
